
Microsoft Visual Studio Solution File, Format Version 12.00
# Visual Studio Version 17
VisualStudioVersion = 17.0.31903.59
MinimumVisualStudioVersion = 10.0.40219.1
Project("{2150E333-8FDC-42A3-9474-1A3956D46DE8}") = "src", "src", "{827E0CD3-B72D-47B6-A68D-7590B98EB39B}"
EndProject
Project("{FAE04EC0-301F-11D3-BF4B-00C04F79EFBC}") = "Eceni.Core.Base", "src\Eceni.Core.Base\Eceni.Core.Base.csproj", "{17B1BE2F-0C13-4B13-AC9E-F8962FD9BEE9}"
EndProject
Project("{FAE04EC0-301F-11D3-BF4B-00C04F79EFBC}") = "Eceni.Core.Database.MySQL", "src\Eceni.Core.Database.MySQL\Eceni.Core.Database.MySQL.csproj", "{2A0E40B0-10A0-4EC6-80D1-3320A944AF70}"
EndProject
Project("{2150E333-8FDC-42A3-9474-1A3956D46DE8}") = "tests", "tests", "{0AB3BF05-4346-4AA6-1389-037BE0695223}"
EndProject
Project("{FAE04EC0-301F-11D3-BF4B-00C04F79EFBC}") = "Eceni.Core.UnitTest", "tests\Eceni.Core.UnitTest\Eceni.Core.UnitTest.csproj", "{9FD74DA5-1A90-4C3D-9811-73AA9158A00A}"
EndProject
Project("{FAE04EC0-301F-11D3-BF4B-00C04F79EFBC}") = "Eceni.Core.Secrets", "src\Eceni.Core.Secrets\Eceni.Core.Secrets.csproj", "{70C36250-9302-448C-8C43-103DB3D435DE}"
EndProject
Project("{FAE04EC0-301F-11D3-BF4B-00C04F79EFBC}") = "Eceni.Core.Secrets.Aws", "src\Eceni.Core.Secrets.Aws\Eceni.Core.Secrets.Aws.csproj", "{6A5C4679-EF33-4422-8BFF-3A9A0171F9C1}"
EndProject
Project("{FAE04EC0-301F-11D3-BF4B-00C04F79EFBC}") = "Eceni.Core.Secrets.Infisical", "src\Eceni.Core.Secrets.Infisical\Eceni.Core.Secrets.Infisical.csproj", "{55C402F3-3B46-46AE-81EB-DDA0578EB11B}"
EndProject
Global
	GlobalSection(SolutionConfigurationPlatforms) = preSolution
		Debug|Any CPU = Debug|Any CPU
		Debug|x64 = Debug|x64
		Debug|x86 = Debug|x86
		Release|Any CPU = Release|Any CPU
		Release|x64 = Release|x64
		Release|x86 = Release|x86
	EndGlobalSection
	GlobalSection(ProjectConfigurationPlatforms) = postSolution
		{17B1BE2F-0C13-4B13-AC9E-F8962FD9BEE9}.Debug|Any CPU.ActiveCfg = Debug|Any CPU
		{17B1BE2F-0C13-4B13-AC9E-F8962FD9BEE9}.Debug|Any CPU.Build.0 = Debug|Any CPU
		{17B1BE2F-0C13-4B13-AC9E-F8962FD9BEE9}.Debug|x64.ActiveCfg = Debug|Any CPU
		{17B1BE2F-0C13-4B13-AC9E-F8962FD9BEE9}.Debug|x64.Build.0 = Debug|Any CPU
		{17B1BE2F-0C13-4B13-AC9E-F8962FD9BEE9}.Debug|x86.ActiveCfg = Debug|Any CPU
		{17B1BE2F-0C13-4B13-AC9E-F8962FD9BEE9}.Debug|x86.Build.0 = Debug|Any CPU
		{17B1BE2F-0C13-4B13-AC9E-F8962FD9BEE9}.Release|Any CPU.ActiveCfg = Release|Any CPU
		{17B1BE2F-0C13-4B13-AC9E-F8962FD9BEE9}.Release|Any CPU.Build.0 = Release|Any CPU
		{17B1BE2F-0C13-4B13-AC9E-F8962FD9BEE9}.Release|x64.ActiveCfg = Release|Any CPU
		{17B1BE2F-0C13-4B13-AC9E-F8962FD9BEE9}.Release|x64.Build.0 = Release|Any CPU
		{17B1BE2F-0C13-4B13-AC9E-F8962FD9BEE9}.Release|x86.ActiveCfg = Release|Any CPU
		{17B1BE2F-0C13-4B13-AC9E-F8962FD9BEE9}.Release|x86.Build.0 = Release|Any CPU
		{2A0E40B0-10A0-4EC6-80D1-3320A944AF70}.Debug|Any CPU.ActiveCfg = Debug|Any CPU
		{2A0E40B0-10A0-4EC6-80D1-3320A944AF70}.Debug|Any CPU.Build.0 = Debug|Any CPU
		{2A0E40B0-10A0-4EC6-80D1-3320A944AF70}.Debug|x64.ActiveCfg = Debug|Any CPU
		{2A0E40B0-10A0-4EC6-80D1-3320A944AF70}.Debug|x64.Build.0 = Debug|Any CPU
		{2A0E40B0-10A0-4EC6-80D1-3320A944AF70}.Debug|x86.ActiveCfg = Debug|Any CPU
		{2A0E40B0-10A0-4EC6-80D1-3320A944AF70}.Debug|x86.Build.0 = Debug|Any CPU
		{2A0E40B0-10A0-4EC6-80D1-3320A944AF70}.Release|Any CPU.ActiveCfg = Release|Any CPU
		{2A0E40B0-10A0-4EC6-80D1-3320A944AF70}.Release|Any CPU.Build.0 = Release|Any CPU
		{2A0E40B0-10A0-4EC6-80D1-3320A944AF70}.Release|x64.ActiveCfg = Release|Any CPU
		{2A0E40B0-10A0-4EC6-80D1-3320A944AF70}.Release|x64.Build.0 = Release|Any CPU
		{2A0E40B0-10A0-4EC6-80D1-3320A944AF70}.Release|x86.ActiveCfg = Release|Any CPU
		{2A0E40B0-10A0-4EC6-80D1-3320A944AF70}.Release|x86.Build.0 = Release|Any CPU
		{9FD74DA5-1A90-4C3D-9811-73AA9158A00A}.Debug|Any CPU.ActiveCfg = Debug|Any CPU
		{9FD74DA5-1A90-4C3D-9811-73AA9158A00A}.Debug|Any CPU.Build.0 = Debug|Any CPU
		{9FD74DA5-1A90-4C3D-9811-73AA9158A00A}.Debug|x64.ActiveCfg = Debug|Any CPU
		{9FD74DA5-1A90-4C3D-9811-73AA9158A00A}.Debug|x64.Build.0 = Debug|Any CPU
		{9FD74DA5-1A90-4C3D-9811-73AA9158A00A}.Debug|x86.ActiveCfg = Debug|Any CPU
		{9FD74DA5-1A90-4C3D-9811-73AA9158A00A}.Debug|x86.Build.0 = Debug|Any CPU
		{9FD74DA5-1A90-4C3D-9811-73AA9158A00A}.Release|Any CPU.ActiveCfg = Release|Any CPU
		{9FD74DA5-1A90-4C3D-9811-73AA9158A00A}.Release|Any CPU.Build.0 = Release|Any CPU
		{9FD74DA5-1A90-4C3D-9811-73AA9158A00A}.Release|x64.ActiveCfg = Release|Any CPU
		{9FD74DA5-1A90-4C3D-9811-73AA9158A00A}.Release|x64.Build.0 = Release|Any CPU
		{9FD74DA5-1A90-4C3D-9811-73AA9158A00A}.Release|x86.ActiveCfg = Release|Any CPU
		{9FD74DA5-1A90-4C3D-9811-73AA9158A00A}.Release|x86.Build.0 = Release|Any CPU
		{70C36250-9302-448C-8C43-103DB3D435DE}.Debug|Any CPU.ActiveCfg = Debug|Any CPU
		{70C36250-9302-448C-8C43-103DB3D435DE}.Debug|Any CPU.Build.0 = Debug|Any CPU
		{70C36250-9302-448C-8C43-103DB3D435DE}.Debug|x64.ActiveCfg = Debug|Any CPU
		{70C36250-9302-448C-8C43-103DB3D435DE}.Debug|x64.Build.0 = Debug|Any CPU
		{70C36250-9302-448C-8C43-103DB3D435DE}.Debug|x86.ActiveCfg = Debug|Any CPU
		{70C36250-9302-448C-8C43-103DB3D435DE}.Debug|x86.Build.0 = Debug|Any CPU
		{70C36250-9302-448C-8C43-103DB3D435DE}.Release|Any CPU.ActiveCfg = Release|Any CPU
		{70C36250-9302-448C-8C43-103DB3D435DE}.Release|Any CPU.Build.0 = Release|Any CPU
		{70C36250-9302-448C-8C43-103DB3D435DE}.Release|x64.ActiveCfg = Release|Any CPU
		{70C36250-9302-448C-8C43-103DB3D435DE}.Release|x64.Build.0 = Release|Any CPU
		{70C36250-9302-448C-8C43-103DB3D435DE}.Release|x86.ActiveCfg = Release|Any CPU
		{70C36250-9302-448C-8C43-103DB3D435DE}.Release|x86.Build.0 = Release|Any CPU
		{6A5C4679-EF33-4422-8BFF-3A9A0171F9C1}.Debug|Any CPU.ActiveCfg = Debug|Any CPU
		{6A5C4679-EF33-4422-8BFF-3A9A0171F9C1}.Debug|Any CPU.Build.0 = Debug|Any CPU
		{6A5C4679-EF33-4422-8BFF-3A9A0171F9C1}.Debug|x64.ActiveCfg = Debug|Any CPU
		{6A5C4679-EF33-4422-8BFF-3A9A0171F9C1}.Debug|x64.Build.0 = Debug|Any CPU
		{6A5C4679-EF33-4422-8BFF-3A9A0171F9C1}.Debug|x86.ActiveCfg = Debug|Any CPU
		{6A5C4679-EF33-4422-8BFF-3A9A0171F9C1}.Debug|x86.Build.0 = Debug|Any CPU
		{6A5C4679-EF33-4422-8BFF-3A9A0171F9C1}.Release|Any CPU.ActiveCfg = Release|Any CPU
		{6A5C4679-EF33-4422-8BFF-3A9A0171F9C1}.Release|Any CPU.Build.0 = Release|Any CPU
		{6A5C4679-EF33-4422-8BFF-3A9A0171F9C1}.Release|x64.ActiveCfg = Release|Any CPU
		{6A5C4679-EF33-4422-8BFF-3A9A0171F9C1}.Release|x64.Build.0 = Release|Any CPU
		{6A5C4679-EF33-4422-8BFF-3A9A0171F9C1}.Release|x86.ActiveCfg = Release|Any CPU
		{6A5C4679-EF33-4422-8BFF-3A9A0171F9C1}.Release|x86.Build.0 = Release|Any CPU
		{55C402F3-3B46-46AE-81EB-DDA0578EB11B}.Debug|Any CPU.ActiveCfg = Debug|Any CPU
		{55C402F3-3B46-46AE-81EB-DDA0578EB11B}.Debug|Any CPU.Build.0 = Debug|Any CPU
		{55C402F3-3B46-46AE-81EB-DDA0578EB11B}.Debug|x64.ActiveCfg = Debug|Any CPU
		{55C402F3-3B46-46AE-81EB-DDA0578EB11B}.Debug|x64.Build.0 = Debug|Any CPU
		{55C402F3-3B46-46AE-81EB-DDA0578EB11B}.Debug|x86.ActiveCfg = Debug|Any CPU
		{55C402F3-3B46-46AE-81EB-DDA0578EB11B}.Debug|x86.Build.0 = Debug|Any CPU
		{55C402F3-3B46-46AE-81EB-DDA0578EB11B}.Release|Any CPU.ActiveCfg = Release|Any CPU
		{55C402F3-3B46-46AE-81EB-DDA0578EB11B}.Release|Any CPU.Build.0 = Release|Any CPU
		{55C402F3-3B46-46AE-81EB-DDA0578EB11B}.Release|x64.ActiveCfg = Release|Any CPU
		{55C402F3-3B46-46AE-81EB-DDA0578EB11B}.Release|x64.Build.0 = Release|Any CPU
		{55C402F3-3B46-46AE-81EB-DDA0578EB11B}.Release|x86.ActiveCfg = Release|Any CPU
		{55C402F3-3B46-46AE-81EB-DDA0578EB11B}.Release|x86.Build.0 = Release|Any CPU
	EndGlobalSection
	GlobalSection(SolutionProperties) = preSolution
		HideSolutionNode = FALSE
	EndGlobalSection
	GlobalSection(NestedProjects) = preSolution
		{17B1BE2F-0C13-4B13-AC9E-F8962FD9BEE9} = {827E0CD3-B72D-47B6-A68D-7590B98EB39B}
		{2A0E40B0-10A0-4EC6-80D1-3320A944AF70} = {827E0CD3-B72D-47B6-A68D-7590B98EB39B}
		{9FD74DA5-1A90-4C3D-9811-73AA9158A00A} = {0AB3BF05-4346-4AA6-1389-037BE0695223}
		{70C36250-9302-448C-8C43-103DB3D435DE} = {827E0CD3-B72D-47B6-A68D-7590B98EB39B}
		{6A5C4679-EF33-4422-8BFF-3A9A0171F9C1} = {827E0CD3-B72D-47B6-A68D-7590B98EB39B}
		{55C402F3-3B46-46AE-81EB-DDA0578EB11B} = {827E0CD3-B72D-47B6-A68D-7590B98EB39B}
	EndGlobalSection
EndGlobal
